// !$*UTF8*$!
{
	archiveVersion = 1;
	classes = {
	};
	objectVersion = 46;
	objects = {

/* Begin PBXBuildFile section */
		C503E3461C0E9DA70078356A /* mergeSortedLinkedListsInReverseOrder.c in Sources */ = {isa = PBXBuildFile; fileRef = C503E3451C0E9DA70078356A /* mergeSortedLinkedListsInReverseOrder.c */; };
		C51F027E1C0747A6002A1895 /* nextGreatNumofSameDigits.c in Sources */ = {isa = PBXBuildFile; fileRef = C51F027D1C0747A6002A1895 /* nextGreatNumofSameDigits.c */; };
		C5F981A61C10004F00415C8C /* permutaionsOfString.c in Sources */ = {isa = PBXBuildFile; fileRef = C5F981A51C10004F00415C8C /* permutaionsOfString.c */; };
		C5F981AA1C10047100415C8C /* common.c in Sources */ = {isa = PBXBuildFile; fileRef = C5F981A91C10047100415C8C /* common.c */; };
		C5FB9E6B1BFA304200CE12C0 /* main.c in Sources */ = {isa = PBXBuildFile; fileRef = C5FB9E6A1BFA304200CE12C0 /* main.c */; };
		C5FD202D1C058633001B4EFC /* checkEditDistance.c in Sources */ = {isa = PBXBuildFile; fileRef = C5FD202B1C058633001B4EFC /* checkEditDistance.c */; };
		C5FD20301C05CFC1001B4EFC /* lexicographicallyDiffOfTwoStrings.c in Sources */ = {isa = PBXBuildFile; fileRef = C5FD202E1C05CFC1001B4EFC /* lexicographicallyDiffOfTwoStrings.c */; };
/* End PBXBuildFile section */

/* Begin PBXCopyFilesBuildPhase section */
		C5FB9E651BFA304200CE12C0 /* CopyFiles */ = {
			isa = PBXCopyFilesBuildPhase;
			buildActionMask = 2147483647;
			dstPath = /usr/share/man/man1/;
			dstSubfolderSpec = 0;
			files = (
			);
			runOnlyForDeploymentPostprocessing = 1;
		};
/* End PBXCopyFilesBuildPhase section */

/* Begin PBXFileReference section */
		C503E3451C0E9DA70078356A /* mergeSortedLinkedListsInReverseOrder.c */ = {isa = PBXFileReference; fileEncoding = 4; lastKnownFileType = sourcecode.c.c; path = mergeSortedLinkedListsInReverseOrder.c; sourceTree = "<group>"; };
		C51F027D1C0747A6002A1895 /* nextGreatNumofSameDigits.c */ = {isa = PBXFileReference; fileEncoding = 4; lastKnownFileType = sourcecode.c.c; path = nextGreatNumofSameDigits.c; sourceTree = "<group>"; };
		C5F981A51C10004F00415C8C /* permutaionsOfString.c */ = {isa = PBXFileReference; fileEncoding = 4; lastKnownFileType = sourcecode.c.c; path = permutaionsOfString.c; sourceTree = "<group>"; };
		C5F981A81C1003D700415C8C /* common.h */ = {isa = PBXFileReference; lastKnownFileType = sourcecode.c.h; path = common.h; sourceTree = "<group>"; };
		C5F981A91C10047100415C8C /* common.c */ = {isa = PBXFileReference; fileEncoding = 4; lastKnownFileType = sourcecode.c.c; path = common.c; sourceTree = "<group>"; };
		C5FB9E671BFA304200CE12C0 /* Test_C */ = {isa = PBXFileReference; explicitFileType = "compiled.mach-o.executable"; includeInIndex = 0; path = Test_C; sourceTree = BUILT_PRODUCTS_DIR; };
		C5FB9E6A1BFA304200CE12C0 /* main.c */ = {isa = PBXFileReference; lastKnownFileType = sourcecode.c.c; path = main.c; sourceTree = "<group>"; };
		C5FD202B1C058633001B4EFC /* checkEditDistance.c */ = {isa = PBXFileReference; fileEncoding = 4; lastKnownFileType = sourcecode.c.c; path = checkEditDistance.c; sourceTree = "<group>"; };
		C5FD202C1C058633001B4EFC /* checkEditDistance.h */ = {isa = PBXFileReference; fileEncoding = 4; lastKnownFileType = sourcecode.c.h; path = checkEditDistance.h; sourceTree = "<group>"; };
		C5FD202E1C05CFC1001B4EFC /* lexicographicallyDiffOfTwoStrings.c */ = {isa = PBXFileReference; fileEncoding = 4; lastKnownFileType = sourcecode.c.c; path = lexicographicallyDiffOfTwoStrings.c; sourceTree = "<group>"; };
/* End PBXFileReference section */

/* Begin PBXFrameworksBuildPhase section */
		C5FB9E641BFA304200CE12C0 /* Frameworks */ = {
			isa = PBXFrameworksBuildPhase;
			buildActionMask = 2147483647;
			files = (
			);
			runOnlyForDeploymentPostprocessing = 0;
		};
/* End PBXFrameworksBuildPhase section */

/* Begin PBXGroup section */
		C5FB9E5E1BFA304200CE12C0 = {
			isa = PBXGroup;
			children = (
				C5FB9E691BFA304200CE12C0 /* Test_C */,
				C5FB9E681BFA304200CE12C0 /* Products */,
			);
			sourceTree = "<group>";
		};
		C5FB9E681BFA304200CE12C0 /* Products */ = {
			isa = PBXGroup;
			children = (
				C5FB9E671BFA304200CE12C0 /* Test_C */,
			);
			name = Products;
			sourceTree = "<group>";
		};
		C5FB9E691BFA304200CE12C0 /* Test_C */ = {
			isa = PBXGroup;
			children = (
				C5FB9E6A1BFA304200CE12C0 /* main.c */,
				C5F981A81C1003D700415C8C /* common.h */,
				C5F981A91C10047100415C8C /* common.c */,
				C5F981A51C10004F00415C8C /* permutaionsOfString.c */,
				C503E3451C0E9DA70078356A /* mergeSortedLinkedListsInReverseOrder.c */,
				C51F027D1C0747A6002A1895 /* nextGreatNumofSameDigits.c */,
				C5FD202E1C05CFC1001B4EFC /* lexicographicallyDiffOfTwoStrings.c */,
				C5FD202C1C058633001B4EFC /* checkEditDistance.h */,
				C5FD202B1C058633001B4EFC /* checkEditDistance.c */,
			);
			path = Test_C;
			sourceTree = "<group>";
		};
/* End PBXGroup section */

/* Begin PBXNativeTarget section */
		C5FB9E661BFA304200CE12C0 /* Test_C */ = {
			isa = PBXNativeTarget;
			buildConfigurationList = C5FB9E6E1BFA304200CE12C0 /* Build configuration list for PBXNativeTarget "Test_C" */;
			buildPhases = (
				C5FB9E631BFA304200CE12C0 /* Sources */,
				C5FB9E641BFA304200CE12C0 /* Frameworks */,
				C5FB9E651BFA304200CE12C0 /* CopyFiles */,
			);
			buildRules = (
			);
			dependencies = (
			);
			name = Test_C;
			productName = Test_C;
			productReference = C5FB9E671BFA304200CE12C0 /* Test_C */;
			productType = "com.apple.product-type.tool";
		};
/* End PBXNativeTarget section */

/* Begin PBXProject section */
		C5FB9E5F1BFA304200CE12C0 /* Project object */ = {
			isa = PBXProject;
			attributes = {
				LastUpgradeCheck = 0630;
				ORGANIZATIONNAME = "Vikranth Posa";
				TargetAttributes = {
					C5FB9E661BFA304200CE12C0 = {
						CreatedOnToolsVersion = 6.3.2;
					};
				};
			};
			buildConfigurationList = C5FB9E621BFA304200CE12C0 /* Build configuration list for PBXProject "Test_C" */;
			compatibilityVersion = "Xcode 3.2";
			developmentRegion = English;
			hasScannedForEncodings = 0;
			knownRegions = (
				en,
			);
			mainGroup = C5FB9E5E1BFA304200CE12C0;
			productRefGroup = C5FB9E681BFA304200CE12C0 /* Products */;
			projectDirPath = "";
			projectRoot = "";
			targets = (
				C5FB9E661BFA304200CE12C0 /* Test_C */,
			);
		};
/* End PBXProject section */

/* Begin PBXSourcesBuildPhase section */
		C5FB9E631BFA304200CE12C0 /* Sources */ = {
			isa = PBXSourcesBuildPhase;
			buildActionMask = 2147483647;
			files = (
				C51F027E1C0747A6002A1895 /* nextGreatNumofSameDigits.c in Sources */,
				C5F981AA1C10047100415C8C /* common.c in Sources */,
				C5FB9E6B1BFA304200CE12C0 /* main.c in Sources */,
				C5F981A61C10004F00415C8C /* permutaionsOfString.c in Sources */,
				C5FD202D1C058633001B4EFC /* checkEditDistance.c in Sources */,
				C503E3461C0E9DA70078356A /* mergeSortedLinkedListsInReverseOrder.c in Sources */,
				C5FD20301C05CFC1001B4EFC /* lexicographicallyDiffOfTwoStrings.c in Sources */,
			);
			runOnlyForDeploymentPostprocessing = 0;
		};
/* End PBXSourcesBuildPhase section */

/* Begin XCBuildConfiguration section */
		C5FB9E6C1BFA304200CE12C0 /* Debug */ = {
			isa = XCBuildConfiguration;
			buildSettings = {
				ALWAYS_SEARCH_USER_PATHS = NO;
				CLANG_CXX_LANGUAGE_STANDARD = "gnu++0x";
				CLANG_CXX_LIBRARY = "libc++";
				CLANG_ENABLE_MODULES = YES;
				CLANG_ENABLE_OBJC_ARC = YES;
				CLANG_WARN_BOOL_CONVERSION = YES;
				CLANG_WARN_CONSTANT_CONVERSION = YES;
				CLANG_WARN_DIRECT_OBJC_ISA_USAGE = YES_ERROR;
				CLANG_WARN_EMPTY_BODY = YES;
				CLANG_WARN_ENUM_CONVERSION = YES;
				CLANG_WARN_INT_CONVERSION = YES;
				CLANG_WARN_OBJC_ROOT_CLASS = YES_ERROR;
				CLANG_WARN_UNREACHABLE_CODE = YES;
				CLANG_WARN__DUPLICATE_METHOD_MATCH = YES;
				COPY_PHASE_STRIP = NO;
				DEBUG_INFORMATION_FORMAT = dwarf;
				ENABLE_STRICT_OBJC_MSGSEND = YES;
				GCC_C_LANGUAGE_STANDARD = gnu99;
				GCC_DYNAMIC_NO_PIC = NO;
				GCC_NO_COMMON_BLOCKS = YES;
				GCC_OPTIMIZATION_LEVEL = 0;
				GCC_PREPROCESSOR_DEFINITIONS = (
					"DEBUG=1",
					"$(inherited)",
				);
				GCC_SYMBOLS_PRIVATE_EXTERN = NO;
				GCC_WARN_64_TO_32_BIT_CONVERSION = YES;
				GCC_WARN_ABOUT_RETURN_TYPE = YES_ERROR;
				GCC_WARN_UNDECLARED_SELECTOR = YES;
				GCC_WARN_UNINITIALIZED_AUTOS = YES_AGGRESSIVE;
				GCC_WARN_UNUSED_FUNCTION = YES;
				GCC_WARN_UNUSED_VARIABLE = YES;
				MACOSX_DEPLOYMENT_TARGET = 10.10;
				MTL_ENABLE_DEBUG_INFO = YES;
				ONLY_ACTIVE_ARCH = YES;
				SDKROOT = macosx;
			};
			name = Debug;
		};
		C5FB9E6D1BFA304200CE12C0 /* Release */ = {
			isa = XCBuildConfiguration;
			buildSettings = {
				ALWAYS_SEARCH_USER_PATHS = NO;
				CLANG_CXX_LANGUAGE_STANDARD = "gnu++0x";
				CLANG_CXX_LIBRARY = "libc++";
				CLANG_ENABLE_MODULES = YES;
				CLANG_ENABLE_OBJC_ARC = YES;
				CLANG_WARN_BOOL_CONVERSION = YES;
				CLANG_WARN_CONSTANT_CONVERSION = YES;
				CLANG_WARN_DIRECT_OBJC_ISA_USAGE = YES_ERROR;
				CLANG_WARN_EMPTY_BODY = YES;
				CLANG_WARN_ENUM_CONVERSION = YES;
				CLANG_WARN_INT_CONVERSION = YES;
				CLANG_WARN_OBJC_ROOT_CLASS = YES_ERROR;
				CLANG_WARN_UNREACHABLE_CODE = YES;
				CLANG_WARN__DUPLICATE_METHOD_MATCH = YES;
				COPY_PHASE_STRIP = NO;
				DEBUG_INFORMATION_FORMAT = "dwarf-with-dsym";
				ENABLE_NS_ASSERTIONS = NO;
				ENABLE_STRICT_OBJC_MSGSEND = YES;
				GCC_C_LANGUAGE_STANDARD = gnu99;
				GCC_NO_COMMON_BLOCKS = YES;
				GCC_WARN_64_TO_32_BIT_CONVERSION = YES;
				GCC_WARN_ABOUT_RETURN_TYPE = YES_ERROR;
				GCC_WARN_UNDECLARED_SELECTOR = YES;
				GCC_WARN_UNINITIALIZED_AUTOS = YES_AGGRESSIVE;
				GCC_WARN_UNUSED_FUNCTION = YES;
				GCC_WARN_UNUSED_VARIABLE = YES;
				MACOSX_DEPLOYMENT_TARGET = 10.10;
				MTL_ENABLE_DEBUG_INFO = NO;
				SDKROOT = macosx;
			};
			name = Release;
		};
		C5FB9E6F1BFA304200CE12C0 /* Debug */ = {
			isa = XCBuildConfiguration;
			buildSettings = {
				PRODUCT_NAME = "$(TARGET_NAME)";
			};
			name = Debug;
		};
		C5FB9E701BFA304200CE12C0 /* Release */ = {
			isa = XCBuildConfiguration;
			buildSettings = {
				PRODUCT_NAME = "$(TARGET_NAME)";
			};
			name = Release;
		};
/* End XCBuildConfiguration section */

/* Begin XCConfigurationList section */
		C5FB9E621BFA304200CE12C0 /* Build configuration list for PBXProject "Test_C" */ = {
			isa = XCConfigurationList;
			buildConfigurations = (
				C5FB9E6C1BFA304200CE12C0 /* Debug */,
				C5FB9E6D1BFA304200CE12C0 /* Release */,
			);
			defaultConfigurationIsVisible = 0;
			defaultConfigurationName = Release;
		};
		C5FB9E6E1BFA304200CE12C0 /* Build configuration list for PBXNativeTarget "Test_C" */ = {
			isa = XCConfigurationList;
			buildConfigurations = (
				C5FB9E6F1BFA304200CE12C0 /* Debug */,
				C5FB9E701BFA304200CE12C0 /* Release */,
			);
			defaultConfigurationIsVisible = 0;
			defaultConfigurationName = Release;
		};
/* End XCConfigurationList section */
	};
	rootObject = C5FB9E5F1BFA304200CE12C0 /* Project object */;
}
